
Microsoft Visual Studio Solution File, Format Version 12.00
# Visual Studio Version 17
VisualStudioVersion = 17.14.35821.62 d17.14
MinimumVisualStudioVersion = 10.0.40219.1
Project("{54A90642-561A-4BB1-A94E-469ADEE60C69}") = "approveportal.client", "approveportal.client\approveportal.client.esproj", "{E31B00AE-77C1-927C-FFC4-1E5C120EB454}"
EndProject
Project("{FAE04EC0-301F-11D3-BF4B-00C04F79EFBC}") = "ApprovePortal.Server", "ApprovePortal.Server\ApprovePortal.Server.csproj", "{88133C1F-11F9-4261-9ECA-E456B419E8D1}"
EndProject
Global
	GlobalSection(SolutionConfigurationPlatforms) = preSolution
		Debug|Any CPU = Debug|Any CPU
		Release|Any CPU = Release|Any CPU
	EndGlobalSection
	GlobalSection(ProjectConfigurationPlatforms) = postSolution
		{E31B00AE-77C1-927C-FFC4-1E5C120EB454}.Debug|Any CPU.ActiveCfg = Debug|Any CPU
		{E31B00AE-77C1-927C-FFC4-1E5C120EB454}.Debug|Any CPU.Build.0 = Debug|Any CPU
		{E31B00AE-77C1-927C-FFC4-1E5C120EB454}.Debug|Any CPU.Deploy.0 = Debug|Any CPU
		{E31B00AE-77C1-927C-FFC4-1E5C120EB454}.Release|Any CPU.ActiveCfg = Release|Any CPU
		{E31B00AE-77C1-927C-FFC4-1E5C120EB454}.Release|Any CPU.Build.0 = Release|Any CPU
		{E31B00AE-77C1-927C-FFC4-1E5C120EB454}.Release|Any CPU.Deploy.0 = Release|Any CPU
		{88133C1F-11F9-4261-9ECA-E456B419E8D1}.Debug|Any CPU.ActiveCfg = Debug|Any CPU
		{88133C1F-11F9-4261-9ECA-E456B419E8D1}.Debug|Any CPU.Build.0 = Debug|Any CPU
		{88133C1F-11F9-4261-9ECA-E456B419E8D1}.Release|Any CPU.ActiveCfg = Release|Any CPU
		{88133C1F-11F9-4261-9ECA-E456B419E8D1}.Release|Any CPU.Build.0 = Release|Any CPU
	EndGlobalSection
	GlobalSection(SolutionProperties) = preSolution
		HideSolutionNode = FALSE
	EndGlobalSection
	GlobalSection(ExtensibilityGlobals) = postSolution
		SolutionGuid = {ADBC10C3-3590-4C0D-A37B-6AF17BCDB309}
	EndGlobalSection
EndGlobal
